
Microsoft Visual Studio Solution File, Format Version 12.00
# Visual Studio 15
VisualStudioVersion = 15.0.27004.2005
MinimumVisualStudioVersion = 10.0.40219.1
Project("{FAE04EC0-301F-11D3-BF4B-00C04F79EFBC}") = "Donatello", "Donatello\Donatello.csproj", "{869B4713-FC9A-4753-BBC9-AE270F5164B2}"
EndProject
Project("{FAE04EC0-301F-11D3-BF4B-00C04F79EFBC}") = "Donatello.Tests", "Donatello.Tests\Donatello.Tests.csproj", "{6058C18A-FFAC-44BF-BFDD-47CA93083353}"
EndProject
Global
	GlobalSection(SolutionConfigurationPlatforms) = preSolution
		Debug|Any CPU = Debug|Any CPU
		Release|Any CPU = Release|Any CPU
	EndGlobalSection
	GlobalSection(ProjectConfigurationPlatforms) = postSolution
		{869B4713-FC9A-4753-BBC9-AE270F5164B2}.Debug|Any CPU.ActiveCfg = Debug|Any CPU
		{869B4713-FC9A-4753-BBC9-AE270F5164B2}.Debug|Any CPU.Build.0 = Debug|Any CPU
		{869B4713-FC9A-4753-BBC9-AE270F5164B2}.Release|Any CPU.ActiveCfg = Release|Any CPU
		{869B4713-FC9A-4753-BBC9-AE270F5164B2}.Release|Any CPU.Build.0 = Release|Any CPU
		{6058C18A-FFAC-44BF-BFDD-47CA93083353}.Debug|Any CPU.ActiveCfg = Debug|Any CPU
		{6058C18A-FFAC-44BF-BFDD-47CA93083353}.Debug|Any CPU.Build.0 = Debug|Any CPU
		{6058C18A-FFAC-44BF-BFDD-47CA93083353}.Release|Any CPU.ActiveCfg = Release|Any CPU
		{6058C18A-FFAC-44BF-BFDD-47CA93083353}.Release|Any CPU.Build.0 = Release|Any CPU
	EndGlobalSection
	GlobalSection(SolutionProperties) = preSolution
		HideSolutionNode = FALSE
	EndGlobalSection
	GlobalSection(ExtensibilityGlobals) = postSolution
		SolutionGuid = {B04B0FC6-6280-4EE3-9018-749256C99FD1}
	EndGlobalSection
EndGlobal
